
Microsoft Visual Studio Solution File, Format Version 12.00
# Visual Studio Version 17
VisualStudioVersion = 17.3.32804.467
MinimumVisualStudioVersion = 10.0.40219.1
Project("{8BC9CEB8-8B4A-11D0-8D11-00A0C91BC942}") = "Banck-System", "Banck-System\Banck-System.vcxproj", "{296D541F-6934-4CAE-B7E2-0C6C8D506910}"
EndProject
Global
	GlobalSection(SolutionConfigurationPlatforms) = preSolution
		Debug|x64 = Debug|x64
		Debug|x86 = Debug|x86
		Release|x64 = Release|x64
		Release|x86 = Release|x86
	EndGlobalSection
	GlobalSection(ProjectConfigurationPlatforms) = postSolution
		{296D541F-6934-4CAE-B7E2-0C6C8D506910}.Debug|x64.ActiveCfg = Debug|x64
		{296D541F-6934-4CAE-B7E2-0C6C8D506910}.Debug|x64.Build.0 = Debug|x64
		{296D541F-6934-4CAE-B7E2-0C6C8D506910}.Debug|x86.ActiveCfg = Debug|Win32
		{296D541F-6934-4CAE-B7E2-0C6C8D506910}.Debug|x86.Build.0 = Debug|Win32
		{296D541F-6934-4CAE-B7E2-0C6C8D506910}.Release|x64.ActiveCfg = Release|x64
		{296D541F-6934-4CAE-B7E2-0C6C8D506910}.Release|x64.Build.0 = Release|x64
		{296D541F-6934-4CAE-B7E2-0C6C8D506910}.Release|x86.ActiveCfg = Release|Win32
		{296D541F-6934-4CAE-B7E2-0C6C8D506910}.Release|x86.Build.0 = Release|Win32
	EndGlobalSection
	GlobalSection(SolutionProperties) = preSolution
		HideSolutionNode = FALSE
	EndGlobalSection
	GlobalSection(ExtensibilityGlobals) = postSolution
		SolutionGuid = {50F0B9E9-F19A-4129-AFF7-7D2998FFE664}
	EndGlobalSection
EndGlobal
